// !$*UTF8*$!
{
	archiveVersion = 1;
	classes = {
	};
	objectVersion = 77;
	objects = {

/* Begin PBXBuildFile section */
		23F231692CDC115100C8FF7F /* FirebaseAnalytics in Frameworks */ = {isa = PBXBuildFile; productRef = 23F231682CDC115100C8FF7F /* FirebaseAnalytics */; };
		23F2316B2CDC115100C8FF7F /* FirebaseAppCheck in Frameworks */ = {isa = PBXBuildFile; productRef = 23F2316A2CDC115100C8FF7F /* FirebaseAppCheck */; };
		23F2316D2CDC115100C8FF7F /* FirebaseAuth in Frameworks */ = {isa = PBXBuildFile; productRef = 23F2316C2CDC115100C8FF7F /* FirebaseAuth */; };
		23F2316F2CDC115100C8FF7F /* FirebaseCore in Frameworks */ = {isa = PBXBuildFile; productRef = 23F2316E2CDC115100C8FF7F /* FirebaseCore */; };
		23F231712CDC115100C8FF7F /* FirebaseFirestore in Frameworks */ = {isa = PBXBuildFile; productRef = 23F231702CDC115100C8FF7F /* FirebaseFirestore */; };
		23F231732CDC115100C8FF7F /* FirebaseInAppMessaging-Beta in Frameworks */ = {isa = PBXBuildFile; productRef = 23F231722CDC115100C8FF7F /* FirebaseInAppMessaging-Beta */; };
		23F231752CDC115100C8FF7F /* FirebaseMessaging in Frameworks */ = {isa = PBXBuildFile; productRef = 23F231742CDC115100C8FF7F /* FirebaseMessaging */; };
		23F231772CDC115100C8FF7F /* FirebaseRemoteConfig in Frameworks */ = {isa = PBXBuildFile; productRef = 23F231762CDC115100C8FF7F /* FirebaseRemoteConfig */; };
		23F231792CDC115100C8FF7F /* FirebaseStorage in Frameworks */ = {isa = PBXBuildFile; productRef = 23F231782CDC115100C8FF7F /* FirebaseStorage */; };
/* End PBXBuildFile section */

/* Begin PBXContainerItemProxy section */
		23C7B6902CC6DAD6004C03B0 /* PBXContainerItemProxy */ = {
			isa = PBXContainerItemProxy;
			containerPortal = 23C7B6772CC6DAD5004C03B0 /* Project object */;
			proxyType = 1;
			remoteGlobalIDString = 23C7B67E2CC6DAD5004C03B0;
			remoteInfo = EventfulApp;
		};
		23C7B69A2CC6DAD6004C03B0 /* PBXContainerItemProxy */ = {
			isa = PBXContainerItemProxy;
			containerPortal = 23C7B6772CC6DAD5004C03B0 /* Project object */;
			proxyType = 1;
			remoteGlobalIDString = 23C7B67E2CC6DAD5004C03B0;
			remoteInfo = EventfulApp;
		};
/* End PBXContainerItemProxy section */

/* Begin PBXFileReference section */
		23C7B67F2CC6DAD5004C03B0 /* EventfulApp.app */ = {isa = PBXFileReference; explicitFileType = wrapper.application; includeInIndex = 0; path = EventfulApp.app; sourceTree = BUILT_PRODUCTS_DIR; };
		23C7B68F2CC6DAD6004C03B0 /* EventfulAppTests.xctest */ = {isa = PBXFileReference; explicitFileType = wrapper.cfbundle; includeInIndex = 0; path = EventfulAppTests.xctest; sourceTree = BUILT_PRODUCTS_DIR; };
		23C7B6992CC6DAD6004C03B0 /* EventfulAppUITests.xctest */ = {isa = PBXFileReference; explicitFileType = wrapper.cfbundle; includeInIndex = 0; path = EventfulAppUITests.xctest; sourceTree = BUILT_PRODUCTS_DIR; };
/* End PBXFileReference section */

/* Begin PBXFileSystemSynchronizedRootGroup section */
		23C7B6812CC6DAD5004C03B0 /* EventfulApp */ = {
			isa = PBXFileSystemSynchronizedRootGroup;
			path = EventfulApp;
			sourceTree = "<group>";
		};
		23C7B6922CC6DAD6004C03B0 /* EventfulAppTests */ = {
			isa = PBXFileSystemSynchronizedRootGroup;
			path = EventfulAppTests;
			sourceTree = "<group>";
		};
		23C7B69C2CC6DAD6004C03B0 /* EventfulAppUITests */ = {
			isa = PBXFileSystemSynchronizedRootGroup;
			path = EventfulAppUITests;
			sourceTree = "<group>";
		};
/* End PBXFileSystemSynchronizedRootGroup section */

/* Begin PBXFrameworksBuildPhase section */
		23C7B67C2CC6DAD5004C03B0 /* Frameworks */ = {
			isa = PBXFrameworksBuildPhase;
			buildActionMask = 2147483647;
			files = (
				23F2316B2CDC115100C8FF7F /* FirebaseAppCheck in Frameworks */,
				23F2316D2CDC115100C8FF7F /* FirebaseAuth in Frameworks */,
				23F231792CDC115100C8FF7F /* FirebaseStorage in Frameworks */,
				23F231752CDC115100C8FF7F /* FirebaseMessaging in Frameworks */,
				23F2316F2CDC115100C8FF7F /* FirebaseCore in Frameworks */,
				23F231712CDC115100C8FF7F /* FirebaseFirestore in Frameworks */,
				23F231692CDC115100C8FF7F /* FirebaseAnalytics in Frameworks */,
				23F231732CDC115100C8FF7F /* FirebaseInAppMessaging-Beta in Frameworks */,
				23F231772CDC115100C8FF7F /* FirebaseRemoteConfig in Frameworks */,
			);
			runOnlyForDeploymentPostprocessing = 0;
		};
		23C7B68C2CC6DAD6004C03B0 /* Frameworks */ = {
			isa = PBXFrameworksBuildPhase;
			buildActionMask = 2147483647;
			files = (
			);
			runOnlyForDeploymentPostprocessing = 0;
		};
		23C7B6962CC6DAD6004C03B0 /* Frameworks */ = {
			isa = PBXFrameworksBuildPhase;
			buildActionMask = 2147483647;
			files = (
			);
			runOnlyForDeploymentPostprocessing = 0;
		};
/* End PBXFrameworksBuildPhase section */

/* Begin PBXGroup section */
		23C7B6762CC6DAD5004C03B0 = {
			isa = PBXGroup;
			children = (
				23C7B6812CC6DAD5004C03B0 /* EventfulApp */,
				23C7B6922CC6DAD6004C03B0 /* EventfulAppTests */,
				23C7B69C2CC6DAD6004C03B0 /* EventfulAppUITests */,
				23C7B6802CC6DAD5004C03B0 /* Products */,
			);
			sourceTree = "<group>";
		};
		23C7B6802CC6DAD5004C03B0 /* Products */ = {
			isa = PBXGroup;
			children = (
				23C7B67F2CC6DAD5004C03B0 /* EventfulApp.app */,
				23C7B68F2CC6DAD6004C03B0 /* EventfulAppTests.xctest */,
				23C7B6992CC6DAD6004C03B0 /* EventfulAppUITests.xctest */,
			);
			name = Products;
			sourceTree = "<group>";
		};
/* End PBXGroup section */

/* Begin PBXNativeTarget section */
		23C7B67E2CC6DAD5004C03B0 /* EventfulApp */ = {
			isa = PBXNativeTarget;
			buildConfigurationList = 23C7B6A32CC6DAD6004C03B0 /* Build configuration list for PBXNativeTarget "EventfulApp" */;
			buildPhases = (
				23C7B67B2CC6DAD5004C03B0 /* Sources */,
				23C7B67C2CC6DAD5004C03B0 /* Frameworks */,
				23C7B67D2CC6DAD5004C03B0 /* Resources */,
			);
			buildRules = (
			);
			dependencies = (
			);
			fileSystemSynchronizedGroups = (
				23C7B6812CC6DAD5004C03B0 /* EventfulApp */,
			);
			name = EventfulApp;
			packageProductDependencies = (
				23F231682CDC115100C8FF7F /* FirebaseAnalytics */,
				23F2316A2CDC115100C8FF7F /* FirebaseAppCheck */,
				23F2316C2CDC115100C8FF7F /* FirebaseAuth */,
				23F2316E2CDC115100C8FF7F /* FirebaseCore */,
				23F231702CDC115100C8FF7F /* FirebaseFirestore */,
				23F231722CDC115100C8FF7F /* FirebaseInAppMessaging-Beta */,
				23F231742CDC115100C8FF7F /* FirebaseMessaging */,
				23F231762CDC115100C8FF7F /* FirebaseRemoteConfig */,
				23F231782CDC115100C8FF7F /* FirebaseStorage */,
			);
			productName = EventfulApp;
			productReference = 23C7B67F2CC6DAD5004C03B0 /* EventfulApp.app */;
			productType = "com.apple.product-type.application";
		};
		23C7B68E2CC6DAD6004C03B0 /* EventfulAppTests */ = {
			isa = PBXNativeTarget;
			buildConfigurationList = 23C7B6A62CC6DAD6004C03B0 /* Build configuration list for PBXNativeTarget "EventfulAppTests" */;
			buildPhases = (
				23C7B68B2CC6DAD6004C03B0 /* Sources */,
				23C7B68C2CC6DAD6004C03B0 /* Frameworks */,
				23C7B68D2CC6DAD6004C03B0 /* Resources */,
			);
			buildRules = (
			);
			dependencies = (
				23C7B6912CC6DAD6004C03B0 /* PBXTargetDependency */,
			);
			fileSystemSynchronizedGroups = (
				23C7B6922CC6DAD6004C03B0 /* EventfulAppTests */,
			);
			name = EventfulAppTests;
			packageProductDependencies = (
			);
			productName = EventfulAppTests;
			productReference = 23C7B68F2CC6DAD6004C03B0 /* EventfulAppTests.xctest */;
			productType = "com.apple.product-type.bundle.unit-test";
		};
		23C7B6982CC6DAD6004C03B0 /* EventfulAppUITests */ = {
			isa = PBXNativeTarget;
			buildConfigurationList = 23C7B6A92CC6DAD6004C03B0 /* Build configuration list for PBXNativeTarget "EventfulAppUITests" */;
			buildPhases = (
				23C7B6952CC6DAD6004C03B0 /* Sources */,
				23C7B6962CC6DAD6004C03B0 /* Frameworks */,
				23C7B6972CC6DAD6004C03B0 /* Resources */,
			);
			buildRules = (
			);
			dependencies = (
				23C7B69B2CC6DAD6004C03B0 /* PBXTargetDependency */,
			);
			fileSystemSynchronizedGroups = (
				23C7B69C2CC6DAD6004C03B0 /* EventfulAppUITests */,
			);
			name = EventfulAppUITests;
			packageProductDependencies = (
			);
			productName = EventfulAppUITests;
			productReference = 23C7B6992CC6DAD6004C03B0 /* EventfulAppUITests.xctest */;
			productType = "com.apple.product-type.bundle.ui-testing";
		};
/* End PBXNativeTarget section */

/* Begin PBXProject section */
		23C7B6772CC6DAD5004C03B0 /* Project object */ = {
			isa = PBXProject;
			attributes = {
				BuildIndependentTargetsInParallel = 1;
				LastSwiftUpdateCheck = 1600;
				LastUpgradeCheck = 1600;
				TargetAttributes = {
					23C7B67E2CC6DAD5004C03B0 = {
						CreatedOnToolsVersion = 16.0;
					};
					23C7B68E2CC6DAD6004C03B0 = {
						CreatedOnToolsVersion = 16.0;
						TestTargetID = 23C7B67E2CC6DAD5004C03B0;
					};
					23C7B6982CC6DAD6004C03B0 = {
						CreatedOnToolsVersion = 16.0;
						TestTargetID = 23C7B67E2CC6DAD5004C03B0;
					};
				};
			};
			buildConfigurationList = 23C7B67A2CC6DAD5004C03B0 /* Build configuration list for PBXProject "EventfulApp" */;
			developmentRegion = en;
			hasScannedForEncodings = 0;
			knownRegions = (
				en,
				Base,
			);
			mainGroup = 23C7B6762CC6DAD5004C03B0;
			minimizedProjectReferenceProxies = 1;
			packageReferences = (
				23F231672CDC115100C8FF7F /* XCRemoteSwiftPackageReference "firebase-ios-sdk" */,
			);
			preferredProjectObjectVersion = 77;
			productRefGroup = 23C7B6802CC6DAD5004C03B0 /* Products */;
			projectDirPath = "";
			projectRoot = "";
			targets = (
				23C7B67E2CC6DAD5004C03B0 /* EventfulApp */,
				23C7B68E2CC6DAD6004C03B0 /* EventfulAppTests */,
				23C7B6982CC6DAD6004C03B0 /* EventfulAppUITests */,
			);
		};
/* End PBXProject section */

/* Begin PBXResourcesBuildPhase section */
		23C7B67D2CC6DAD5004C03B0 /* Resources */ = {
			isa = PBXResourcesBuildPhase;
			buildActionMask = 2147483647;
			files = (
			);
			runOnlyForDeploymentPostprocessing = 0;
		};
		23C7B68D2CC6DAD6004C03B0 /* Resources */ = {
			isa = PBXResourcesBuildPhase;
			buildActionMask = 2147483647;
			files = (
			);
			runOnlyForDeploymentPostprocessing = 0;
		};
		23C7B6972CC6DAD6004C03B0 /* Resources */ = {
			isa = PBXResourcesBuildPhase;
			buildActionMask = 2147483647;
			files = (
			);
			runOnlyForDeploymentPostprocessing = 0;
		};
/* End PBXResourcesBuildPhase section */

/* Begin PBXSourcesBuildPhase section */
		23C7B67B2CC6DAD5004C03B0 /* Sources */ = {
			isa = PBXSourcesBuildPhase;
			buildActionMask = 2147483647;
			files = (
			);
			runOnlyForDeploymentPostprocessing = 0;
		};
		23C7B68B2CC6DAD6004C03B0 /* Sources */ = {
			isa = PBXSourcesBuildPhase;
			buildActionMask = 2147483647;
			files = (
			);
			runOnlyForDeploymentPostprocessing = 0;
		};
		23C7B6952CC6DAD6004C03B0 /* Sources */ = {
			isa = PBXSourcesBuildPhase;
			buildActionMask = 2147483647;
			files = (
			);
			runOnlyForDeploymentPostprocessing = 0;
		};
/* End PBXSourcesBuildPhase section */

/* Begin PBXTargetDependency section */
		23C7B6912CC6DAD6004C03B0 /* PBXTargetDependency */ = {
			isa = PBXTargetDependency;
			target = 23C7B67E2CC6DAD5004C03B0 /* EventfulApp */;
			targetProxy = 23C7B6902CC6DAD6004C03B0 /* PBXContainerItemProxy */;
		};
		23C7B69B2CC6DAD6004C03B0 /* PBXTargetDependency */ = {
			isa = PBXTargetDependency;
			target = 23C7B67E2CC6DAD5004C03B0 /* EventfulApp */;
			targetProxy = 23C7B69A2CC6DAD6004C03B0 /* PBXContainerItemProxy */;
		};
/* End PBXTargetDependency section */

/* Begin XCBuildConfiguration section */
		23C7B6A12CC6DAD6004C03B0 /* Debug */ = {
			isa = XCBuildConfiguration;
			buildSettings = {
				ALWAYS_SEARCH_USER_PATHS = NO;
				ASSETCATALOG_COMPILER_GENERATE_SWIFT_ASSET_SYMBOL_EXTENSIONS = YES;
				CLANG_ANALYZER_NONNULL = YES;
				CLANG_ANALYZER_NUMBER_OBJECT_CONVERSION = YES_AGGRESSIVE;
				CLANG_CXX_LANGUAGE_STANDARD = "gnu++20";
				CLANG_ENABLE_MODULES = YES;
				CLANG_ENABLE_OBJC_ARC = YES;
				CLANG_ENABLE_OBJC_WEAK = YES;
				CLANG_WARN_BLOCK_CAPTURE_AUTORELEASING = YES;
				CLANG_WARN_BOOL_CONVERSION = YES;
				CLANG_WARN_COMMA = YES;
				CLANG_WARN_CONSTANT_CONVERSION = YES;
				CLANG_WARN_DEPRECATED_OBJC_IMPLEMENTATIONS = YES;
				CLANG_WARN_DIRECT_OBJC_ISA_USAGE = YES_ERROR;
				CLANG_WARN_DOCUMENTATION_COMMENTS = YES;
				CLANG_WARN_EMPTY_BODY = YES;
				CLANG_WARN_ENUM_CONVERSION = YES;
				CLANG_WARN_INFINITE_RECURSION = YES;
				CLANG_WARN_INT_CONVERSION = YES;
				CLANG_WARN_NON_LITERAL_NULL_CONVERSION = YES;
				CLANG_WARN_OBJC_IMPLICIT_RETAIN_SELF = YES;
				CLANG_WARN_OBJC_LITERAL_CONVERSION = YES;
				CLANG_WARN_OBJC_ROOT_CLASS = YES_ERROR;
				CLANG_WARN_QUOTED_INCLUDE_IN_FRAMEWORK_HEADER = YES;
				CLANG_WARN_RANGE_LOOP_ANALYSIS = YES;
				CLANG_WARN_STRICT_PROTOTYPES = YES;
				CLANG_WARN_SUSPICIOUS_MOVE = YES;
				CLANG_WARN_UNGUARDED_AVAILABILITY = YES_AGGRESSIVE;
				CLANG_WARN_UNREACHABLE_CODE = YES;
				CLANG_WARN__DUPLICATE_METHOD_MATCH = YES;
				COPY_PHASE_STRIP = NO;
				DEBUG_INFORMATION_FORMAT = dwarf;
				ENABLE_STRICT_OBJC_MSGSEND = YES;
				ENABLE_TESTABILITY = YES;
				ENABLE_USER_SCRIPT_SANDBOXING = YES;
				GCC_C_LANGUAGE_STANDARD = gnu17;
				GCC_DYNAMIC_NO_PIC = NO;
				GCC_NO_COMMON_BLOCKS = YES;
				GCC_OPTIMIZATION_LEVEL = 0;
				GCC_PREPROCESSOR_DEFINITIONS = (
					"DEBUG=1",
					"$(inherited)",
				);
				GCC_WARN_64_TO_32_BIT_CONVERSION = YES;
				GCC_WARN_ABOUT_RETURN_TYPE = YES_ERROR;
				GCC_WARN_UNDECLARED_SELECTOR = YES;
				GCC_WARN_UNINITIALIZED_AUTOS = YES_AGGRESSIVE;
				GCC_WARN_UNUSED_FUNCTION = YES;
				GCC_WARN_UNUSED_VARIABLE = YES;
				IPHONEOS_DEPLOYMENT_TARGET = 18.0;
				LOCALIZATION_PREFERS_STRING_CATALOGS = YES;
				MTL_ENABLE_DEBUG_INFO = INCLUDE_SOURCE;
				MTL_FAST_MATH = YES;
				ONLY_ACTIVE_ARCH = YES;
				SDKROOT = iphoneos;
				SWIFT_ACTIVE_COMPILATION_CONDITIONS = "DEBUG $(inherited)";
				SWIFT_OPTIMIZATION_LEVEL = "-Onone";
			};
			name = Debug;
		};
		23C7B6A22CC6DAD6004C03B0 /* Release */ = {
			isa = XCBuildConfiguration;
			buildSettings = {
				ALWAYS_SEARCH_USER_PATHS = NO;
				ASSETCATALOG_COMPILER_GENERATE_SWIFT_ASSET_SYMBOL_EXTENSIONS = YES;
				CLANG_ANALYZER_NONNULL = YES;
				CLANG_ANALYZER_NUMBER_OBJECT_CONVERSION = YES_AGGRESSIVE;
				CLANG_CXX_LANGUAGE_STANDARD = "gnu++20";
				CLANG_ENABLE_MODULES = YES;
				CLANG_ENABLE_OBJC_ARC = YES;
				CLANG_ENABLE_OBJC_WEAK = YES;
				CLANG_WARN_BLOCK_CAPTURE_AUTORELEASING = YES;
				CLANG_WARN_BOOL_CONVERSION = YES;
				CLANG_WARN_COMMA = YES;
				CLANG_WARN_CONSTANT_CONVERSION = YES;
				CLANG_WARN_DEPRECATED_OBJC_IMPLEMENTATIONS = YES;
				CLANG_WARN_DIRECT_OBJC_ISA_USAGE = YES_ERROR;
				CLANG_WARN_DOCUMENTATION_COMMENTS = YES;
				CLANG_WARN_EMPTY_BODY = YES;
				CLANG_WARN_ENUM_CONVERSION = YES;
				CLANG_WARN_INFINITE_RECURSION = YES;
				CLANG_WARN_INT_CONVERSION = YES;
				CLANG_WARN_NON_LITERAL_NULL_CONVERSION = YES;
				CLANG_WARN_OBJC_IMPLICIT_RETAIN_SELF = YES;
				CLANG_WARN_OBJC_LITERAL_CONVERSION = YES;
				CLANG_WARN_OBJC_ROOT_CLASS = YES_ERROR;
				CLANG_WARN_QUOTED_INCLUDE_IN_FRAMEWORK_HEADER = YES;
				CLANG_WARN_RANGE_LOOP_ANALYSIS = YES;
				CLANG_WARN_STRICT_PROTOTYPES = YES;
				CLANG_WARN_SUSPICIOUS_MOVE = YES;
				CLANG_WARN_UNGUARDED_AVAILABILITY = YES_AGGRESSIVE;
				CLANG_WARN_UNREACHABLE_CODE = YES;
				CLANG_WARN__DUPLICATE_METHOD_MATCH = YES;
				COPY_PHASE_STRIP = NO;
				DEBUG_INFORMATION_FORMAT = "dwarf-with-dsym";
				ENABLE_NS_ASSERTIONS = NO;
				ENABLE_STRICT_OBJC_MSGSEND = YES;
				ENABLE_USER_SCRIPT_SANDBOXING = YES;
				GCC_C_LANGUAGE_STANDARD = gnu17;
				GCC_NO_COMMON_BLOCKS = YES;
				GCC_WARN_64_TO_32_BIT_CONVERSION = YES;
				GCC_WARN_ABOUT_RETURN_TYPE = YES_ERROR;
				GCC_WARN_UNDECLARED_SELECTOR = YES;
				GCC_WARN_UNINITIALIZED_AUTOS = YES_AGGRESSIVE;
				GCC_WARN_UNUSED_FUNCTION = YES;
				GCC_WARN_UNUSED_VARIABLE = YES;
				IPHONEOS_DEPLOYMENT_TARGET = 18.0;
				LOCALIZATION_PREFERS_STRING_CATALOGS = YES;
				MTL_ENABLE_DEBUG_INFO = NO;
				MTL_FAST_MATH = YES;
				SDKROOT = iphoneos;
				SWIFT_COMPILATION_MODE = wholemodule;
				VALIDATE_PRODUCT = YES;
			};
			name = Release;
		};
		23C7B6A42CC6DAD6004C03B0 /* Debug */ = {
			isa = XCBuildConfiguration;
			buildSettings = {
				ASSETCATALOG_COMPILER_APPICON_NAME = AppIcon;
				ASSETCATALOG_COMPILER_GLOBAL_ACCENT_COLOR_NAME = AccentColor;
				CODE_SIGN_STYLE = Automatic;
				CURRENT_PROJECT_VERSION = 1;
				DEVELOPMENT_ASSET_PATHS = "\"EventfulApp/Preview Content\"";
				DEVELOPMENT_TEAM = 7989B7W8FC;
				ENABLE_PREVIEWS = YES;
				GENERATE_INFOPLIST_FILE = YES;
				INFOPLIST_KEY_UIApplicationSceneManifest_Generation = YES;
				INFOPLIST_KEY_UIApplicationSupportsIndirectInputEvents = YES;
				INFOPLIST_KEY_UILaunchScreen_Generation = YES;
				INFOPLIST_KEY_UISupportedInterfaceOrientations_iPad = "UIInterfaceOrientationPortrait UIInterfaceOrientationPortraitUpsideDown UIInterfaceOrientationLandscapeLeft UIInterfaceOrientationLandscapeRight";
				INFOPLIST_KEY_UISupportedInterfaceOrientations_iPhone = "UIInterfaceOrientationPortrait UIInterfaceOrientationLandscapeLeft UIInterfaceOrientationLandscapeRight";
				LD_RUNPATH_SEARCH_PATHS = (
					"$(inherited)",
					"@executable_path/Frameworks",
				);
				MARKETING_VERSION = 1.0;
				PRODUCT_BUNDLE_IDENTIFIER = "com.monark-EventfulApp.EventfulApp";
				PRODUCT_NAME = "$(TARGET_NAME)";
				SWIFT_EMIT_LOC_STRINGS = YES;
				SWIFT_VERSION = 5.0;
				TARGETED_DEVICE_FAMILY = "1,2";
			};
			name = Debug;
		};
		23C7B6A52CC6DAD6004C03B0 /* Release */ = {
			isa = XCBuildConfiguration;
			buildSettings = {
				ASSETCATALOG_COMPILER_APPICON_NAME = AppIcon;
				ASSETCATALOG_COMPILER_GLOBAL_ACCENT_COLOR_NAME = AccentColor;
				CODE_SIGN_STYLE = Automatic;
				CURRENT_PROJECT_VERSION = 1;
				DEVELOPMENT_ASSET_PATHS = "\"EventfulApp/Preview Content\"";
				DEVELOPMENT_TEAM = 7989B7W8FC;
				ENABLE_PREVIEWS = YES;
				GENERATE_INFOPLIST_FILE = YES;
				INFOPLIST_KEY_UIApplicationSceneManifest_Generation = YES;
				INFOPLIST_KEY_UIApplicationSupportsIndirectInputEvents = YES;
				INFOPLIST_KEY_UILaunchScreen_Generation = YES;
				INFOPLIST_KEY_UISupportedInterfaceOrientations_iPad = "UIInterfaceOrientationPortrait UIInterfaceOrientationPortraitUpsideDown UIInterfaceOrientationLandscapeLeft UIInterfaceOrientationLandscapeRight";
				INFOPLIST_KEY_UISupportedInterfaceOrientations_iPhone = "UIInterfaceOrientationPortrait UIInterfaceOrientationLandscapeLeft UIInterfaceOrientationLandscapeRight";
				LD_RUNPATH_SEARCH_PATHS = (
					"$(inherited)",
					"@executable_path/Frameworks",
				);
				MARKETING_VERSION = 1.0;
				PRODUCT_BUNDLE_IDENTIFIER = "com.monark-EventfulApp.EventfulApp";
				PRODUCT_NAME = "$(TARGET_NAME)";
				SWIFT_EMIT_LOC_STRINGS = YES;
				SWIFT_VERSION = 5.0;
				TARGETED_DEVICE_FAMILY = "1,2";
			};
			name = Release;
		};
		23C7B6A72CC6DAD6004C03B0 /* Debug */ = {
			isa = XCBuildConfiguration;
			buildSettings = {
				BUNDLE_LOADER = "$(TEST_HOST)";
				CODE_SIGN_STYLE = Automatic;
				CURRENT_PROJECT_VERSION = 1;
				DEVELOPMENT_TEAM = 7989B7W8FC;
				GENERATE_INFOPLIST_FILE = YES;
				IPHONEOS_DEPLOYMENT_TARGET = 18.0;
				MARKETING_VERSION = 1.0;
				PRODUCT_BUNDLE_IDENTIFIER = "com.monark-EventfulApp.EventfulAppTests";
				PRODUCT_NAME = "$(TARGET_NAME)";
				SWIFT_EMIT_LOC_STRINGS = NO;
				SWIFT_VERSION = 5.0;
				TARGETED_DEVICE_FAMILY = "1,2";
				TEST_HOST = "$(BUILT_PRODUCTS_DIR)/EventfulApp.app/$(BUNDLE_EXECUTABLE_FOLDER_PATH)/EventfulApp";
			};
			name = Debug;
		};
		23C7B6A82CC6DAD6004C03B0 /* Release */ = {
			isa = XCBuildConfiguration;
			buildSettings = {
				BUNDLE_LOADER = "$(TEST_HOST)";
				CODE_SIGN_STYLE = Automatic;
				CURRENT_PROJECT_VERSION = 1;
				DEVELOPMENT_TEAM = 7989B7W8FC;
				GENERATE_INFOPLIST_FILE = YES;
				IPHONEOS_DEPLOYMENT_TARGET = 18.0;
				MARKETING_VERSION = 1.0;
				PRODUCT_BUNDLE_IDENTIFIER = "com.monark-EventfulApp.EventfulAppTests";
				PRODUCT_NAME = "$(TARGET_NAME)";
				SWIFT_EMIT_LOC_STRINGS = NO;
				SWIFT_VERSION = 5.0;
				TARGETED_DEVICE_FAMILY = "1,2";
				TEST_HOST = "$(BUILT_PRODUCTS_DIR)/EventfulApp.app/$(BUNDLE_EXECUTABLE_FOLDER_PATH)/EventfulApp";
			};
			name = Release;
		};
		23C7B6AA2CC6DAD6004C03B0 /* Debug */ = {
			isa = XCBuildConfiguration;
			buildSettings = {
				CODE_SIGN_STYLE = Automatic;
				CURRENT_PROJECT_VERSION = 1;
				DEVELOPMENT_TEAM = 7989B7W8FC;
				GENERATE_INFOPLIST_FILE = YES;
				MARKETING_VERSION = 1.0;
				PRODUCT_BUNDLE_IDENTIFIER = "com.monark-EventfulApp.EventfulAppUITests";
				PRODUCT_NAME = "$(TARGET_NAME)";
				SWIFT_EMIT_LOC_STRINGS = NO;
				SWIFT_VERSION = 5.0;
				TARGETED_DEVICE_FAMILY = "1,2";
				TEST_TARGET_NAME = EventfulApp;
			};
			name = Debug;
		};
		23C7B6AB2CC6DAD6004C03B0 /* Release */ = {
			isa = XCBuildConfiguration;
			buildSettings = {
				CODE_SIGN_STYLE = Automatic;
				CURRENT_PROJECT_VERSION = 1;
				DEVELOPMENT_TEAM = 7989B7W8FC;
				GENERATE_INFOPLIST_FILE = YES;
				MARKETING_VERSION = 1.0;
				PRODUCT_BUNDLE_IDENTIFIER = "com.monark-EventfulApp.EventfulAppUITests";
				PRODUCT_NAME = "$(TARGET_NAME)";
				SWIFT_EMIT_LOC_STRINGS = NO;
				SWIFT_VERSION = 5.0;
				TARGETED_DEVICE_FAMILY = "1,2";
				TEST_TARGET_NAME = EventfulApp;
			};
			name = Release;
		};
/* End XCBuildConfiguration section */

/* Begin XCConfigurationList section */
		23C7B67A2CC6DAD5004C03B0 /* Build configuration list for PBXProject "EventfulApp" */ = {
			isa = XCConfigurationList;
			buildConfigurations = (
				23C7B6A12CC6DAD6004C03B0 /* Debug */,
				23C7B6A22CC6DAD6004C03B0 /* Release */,
			);
			defaultConfigurationIsVisible = 0;
			defaultConfigurationName = Release;
		};
		23C7B6A32CC6DAD6004C03B0 /* Build configuration list for PBXNativeTarget "EventfulApp" */ = {
			isa = XCConfigurationList;
			buildConfigurations = (
				23C7B6A42CC6DAD6004C03B0 /* Debug */,
				23C7B6A52CC6DAD6004C03B0 /* Release */,
			);
			defaultConfigurationIsVisible = 0;
			defaultConfigurationName = Release;
		};
		23C7B6A62CC6DAD6004C03B0 /* Build configuration list for PBXNativeTarget "EventfulAppTests" */ = {
			isa = XCConfigurationList;
			buildConfigurations = (
				23C7B6A72CC6DAD6004C03B0 /* Debug */,
				23C7B6A82CC6DAD6004C03B0 /* Release */,
			);
			defaultConfigurationIsVisible = 0;
			defaultConfigurationName = Release;
		};
		23C7B6A92CC6DAD6004C03B0 /* Build configuration list for PBXNativeTarget "EventfulAppUITests" */ = {
			isa = XCConfigurationList;
			buildConfigurations = (
				23C7B6AA2CC6DAD6004C03B0 /* Debug */,
				23C7B6AB2CC6DAD6004C03B0 /* Release */,
			);
			defaultConfigurationIsVisible = 0;
			defaultConfigurationName = Release;
		};
/* End XCConfigurationList section */

/* Begin XCRemoteSwiftPackageReference section */
		23F231672CDC115100C8FF7F /* XCRemoteSwiftPackageReference "firebase-ios-sdk" */ = {
			isa = XCRemoteSwiftPackageReference;
			repositoryURL = "https://github.com/firebase/firebase-ios-sdk";
			requirement = {
				kind = upToNextMajorVersion;
				minimumVersion = 11.4.0;
			};
		};
/* End XCRemoteSwiftPackageReference section */

/* Begin XCSwiftPackageProductDependency section */
		23F231682CDC115100C8FF7F /* FirebaseAnalytics */ = {
			isa = XCSwiftPackageProductDependency;
			package = 23F231672CDC115100C8FF7F /* XCRemoteSwiftPackageReference "firebase-ios-sdk" */;
			productName = FirebaseAnalytics;
		};
		23F2316A2CDC115100C8FF7F /* FirebaseAppCheck */ = {
			isa = XCSwiftPackageProductDependency;
			package = 23F231672CDC115100C8FF7F /* XCRemoteSwiftPackageReference "firebase-ios-sdk" */;
			productName = FirebaseAppCheck;
		};
		23F2316C2CDC115100C8FF7F /* FirebaseAuth */ = {
			isa = XCSwiftPackageProductDependency;
			package = 23F231672CDC115100C8FF7F /* XCRemoteSwiftPackageReference "firebase-ios-sdk" */;
			productName = FirebaseAuth;
		};
		23F2316E2CDC115100C8FF7F /* FirebaseCore */ = {
			isa = XCSwiftPackageProductDependency;
			package = 23F231672CDC115100C8FF7F /* XCRemoteSwiftPackageReference "firebase-ios-sdk" */;
			productName = FirebaseCore;
		};
		23F231702CDC115100C8FF7F /* FirebaseFirestore */ = {
			isa = XCSwiftPackageProductDependency;
			package = 23F231672CDC115100C8FF7F /* XCRemoteSwiftPackageReference "firebase-ios-sdk" */;
			productName = FirebaseFirestore;
		};
		23F231722CDC115100C8FF7F /* FirebaseInAppMessaging-Beta */ = {
			isa = XCSwiftPackageProductDependency;
			package = 23F231672CDC115100C8FF7F /* XCRemoteSwiftPackageReference "firebase-ios-sdk" */;
			productName = "FirebaseInAppMessaging-Beta";
		};
		23F231742CDC115100C8FF7F /* FirebaseMessaging */ = {
			isa = XCSwiftPackageProductDependency;
			package = 23F231672CDC115100C8FF7F /* XCRemoteSwiftPackageReference "firebase-ios-sdk" */;
			productName = FirebaseMessaging;
		};
		23F231762CDC115100C8FF7F /* FirebaseRemoteConfig */ = {
			isa = XCSwiftPackageProductDependency;
			package = 23F231672CDC115100C8FF7F /* XCRemoteSwiftPackageReference "firebase-ios-sdk" */;
			productName = FirebaseRemoteConfig;
		};
		23F231782CDC115100C8FF7F /* FirebaseStorage */ = {
			isa = XCSwiftPackageProductDependency;
			package = 23F231672CDC115100C8FF7F /* XCRemoteSwiftPackageReference "firebase-ios-sdk" */;
			productName = FirebaseStorage;
		};
/* End XCSwiftPackageProductDependency section */
	};
	rootObject = 23C7B6772CC6DAD5004C03B0 /* Project object */;
}
